{
  "name": "@sntran/html-rewriter",
  "version": "0.3.0",
  "lockfileVersion": 3,
  "requires": true,
  "packages": {
    "": {
      "name": "@sntran/html-rewriter",
      "version": "0.3.0",
      "license": "BSD-3-Clause",
      "dependencies": {
        "@sntran/lol-html": "^2.7.1"
      }
    },
    "node_modules/@sntran/lol-html": {
      "version": "2.7.1",
      "resolved": "https://registry.npmjs.org/@sntran/lol-html/-/lol-html-2.7.1.tgz",
      "integrity": "sha512-c1Bwm5J2jjwRV56Y+sPdxee1gbD7kQEz6rOpQVCU6oLNnLC0VKE6rSm2hDxYSqjeJxGYl/hLyFjIx6eNGjVc3w==",
      "license": "BSD-3-Clause"
    }
  }
}
