{
  "name": "@sntran/html-rewriter",
  "version": "0.4.0",
  "lockfileVersion": 3,
  "requires": true,
  "packages": {
    "": {
      "name": "@sntran/html-rewriter",
      "version": "0.4.0",
      "license": "BSD-3-Clause",
      "dependencies": {
        "lol-html": "^2.3.0"
      },
      "devDependencies": {
        "@sntran/serve": "^0.0.3"
      }
    },
    "node_modules/@sntran/serve": {
      "version": "0.0.3",
      "resolved": "https://registry.npmjs.org/@sntran/serve/-/serve-0.0.3.tgz",
      "integrity": "sha512-D/5d4l4D/UYXFOrPF0Xrhl1hYToPQVJZSInFdGEBVuW7jZT2CJ7MZp1fo0mGS657JyKqSkEfkIvJCuwQUwy7mw==",
      "dev": true,
      "license": "BSD-3-Clause"
    },
    "node_modules/lol-html": {
      "version": "2.3.0",
      "resolved": "https://registry.npmjs.org/lol-html/-/lol-html-2.3.0.tgz",
      "integrity": "sha512-PJPcXV7bU6UD+K5MowSjMyovdAPGWFWyyQ1BWPFuwBagwgh6HxHXCdpl8N7N+MO4MJjzQTsJIvbKedUT+2MU2A==",
      "license": "BSD-3-Clause"
    }
  }
}
